{
  "name": "dsh-system-proxy",
  "version": "0.2.0",
  "lockfileVersion": 3,
  "requires": true,
  "packages": {
    "": {
      "name": "dsh-system-proxy",
      "version": "0.2.0",
      "license": "MIT",
      "dependencies": {
        "@deepseek-ai/dsh-typert-protocol": "^0.1.0-rc.6",
        "@deepseek-ai/schemastery": "^3.18.1",
        "http-proxy-agent": "^7.0.2",
        "https-proxy-agent": "^7.0.6",
        "socks": "^2.8.3",
        "undici": ">=7.28.0 <8"
      },
      "devDependencies": {
        "@deepseek-ai/cordis": "^4.0.1",
        "@deepseek-ai/cordis-plugin-loader": "^1.0.2",
        "@deepseek-ai/dsh-typert-registry": "^0.1.0-rc.6",
        "node-addon-require-builtin": "^0.1.4"
      },
      "engines": {
        "node": ">=22"
      }
    },
    "node_modules/@deepseek-ai/cordis": {
      "version": "4.0.1",
      "resolved": "https://registry.npmjs.org/@deepseek-ai/cordis/-/cordis-4.0.1.tgz",
      "integrity": "sha512-YBdskTU2Po1kru3GgcUWUbkTsPMA9LkSQDAY8rBkFJeajdgcQad3QPJZE26JyK99Xb6HaASvoXg2DSUTeN/0Nw==",
      "license": "MIT",
      "dependencies": {
        "@deepseek-ai/cosmokit": "^1.8.2",
        "@standard-schema/spec": "^1.1.0"
      },
      "bin": {
        "cordis": "bin.js"
      },
      "peerDependencies": {
        "@deepseek-ai/cordis-plugin-include": "^1.0.6",
        "@deepseek-ai/cordis-plugin-loader": "^1.0.2"
      },
      "peerDependenciesMeta": {
        "@deepseek-ai/cordis-plugin-include": {
          "optional": true
        },
        "@deepseek-ai/cordis-plugin-loader": {
          "optional": true
        }
      }
    },
    "node_modules/@deepseek-ai/cordis-plugin-loader": {
      "version": "1.0.2",
      "resolved": "https://registry.npmjs.org/@deepseek-ai/cordis-plugin-loader/-/cordis-plugin-loader-1.0.2.tgz",
      "integrity": "sha512-RIW9hoVyhYDWdCI9BsvtZccPde1ECLC4OAxupwowGTak78vwVTVdb3HezTSOK1Y1/Ax3Ru0LA1pYOB04CnTxIQ==",
      "devOptional": true,
      "license": "MIT",
      "dependencies": {
        "@deepseek-ai/cosmokit": "^1.8.2"
      },
      "peerDependencies": {
        "@deepseek-ai/cordis": "^4.0.1",
        "node-addon-require-builtin": "^0.1.4"
      },
      "peerDependenciesMeta": {
        "node-addon-require-builtin": {
          "optional": true
        }
      }
    },
    "node_modules/@deepseek-ai/cosmokit": {
      "version": "1.8.2",
      "resolved": "https://registry.npmjs.org/@deepseek-ai/cosmokit/-/cosmokit-1.8.2.tgz",
      "integrity": "sha512-muBOKtSrUKU5m/xpq8ZXWL6hQ/jgd4PhU2PqH97bcxIiLEJfNwZOGQEx4t/aS/GgxRAR+ra9pMHPMtTHU4sqqA==",
      "license": "MIT"
    },
    "node_modules/@deepseek-ai/dsh-invariants": {
      "version": "0.1.0-rc.6",
      "resolved": "https://registry.npmjs.org/@deepseek-ai/dsh-invariants/-/dsh-invariants-0.1.0-rc.6.tgz",
      "integrity": "sha512-WfEfOi99a4cpOugRAHTBSTnesLieu3ist1q9PXDXFBHX++K1rAl9+sB7YrdnbB8LH0UOY532gS9xJUYU6w0SLw==",
      "license": "MIT",
      "peer": true,
      "dependencies": {
        "@deepseek-ai/schemastery": "^3.18.1"
      },
      "peerDependencies": {
        "@deepseek-ai/cordis": "^4.0.1"
      }
    },
    "node_modules/@deepseek-ai/dsh-typert-protocol": {
      "version": "0.1.0-rc.6",
      "resolved": "https://registry.npmjs.org/@deepseek-ai/dsh-typert-protocol/-/dsh-typert-protocol-0.1.0-rc.6.tgz",
      "integrity": "sha512-weWzN8r01YCkoDCAM7BsKw2YhRrD4zL8N2SAZu9hovYtXSq8xHXsP4Zh8RLYIlYcuotjyff/6hic+0TJPd14YA==",
      "license": "MIT",
      "peerDependencies": {
        "@deepseek-ai/cordis": "^4.0.1",
        "@deepseek-ai/dsh-invariants": "^0.1.0-rc.6"
      }
    },
    "node_modules/@deepseek-ai/dsh-typert-registry": {
      "version": "0.1.0-rc.6",
      "resolved": "https://registry.npmjs.org/@deepseek-ai/dsh-typert-registry/-/dsh-typert-registry-0.1.0-rc.6.tgz",
      "integrity": "sha512-ry2AApGn0vEEIRWDC7TlLiLj5K8+2OblxXlGHs1u9APVxhPjZLok6Kfo57yfeJyW+EONGXv1DQcU05U+aYE7Tg==",
      "dev": true,
      "license": "MIT",
      "dependencies": {
        "@deepseek-ai/dsh-typert-protocol": "^0.1.0-rc.6",
        "zod": "^4.4.3"
      },
      "peerDependencies": {
        "@deepseek-ai/cordis": "^4.0.1",
        "@deepseek-ai/dsh-invariants": "^0.1.0-rc.6"
      }
    },
    "node_modules/@deepseek-ai/schemastery": {
      "version": "3.18.1",
      "resolved": "https://registry.npmjs.org/@deepseek-ai/schemastery/-/schemastery-3.18.1.tgz",
      "integrity": "sha512-Qn0FCSwCQnpnj6SB31I6i2sIKgKWnkbJM8O0EU91Gv2UsYVvtZTl6IA0sCwk2e2MZf5S8w5hpq9QkeVvK9qwxg==",
      "license": "MIT",
      "dependencies": {
        "@deepseek-ai/cosmokit": "^1.8.2",
        "@standard-schema/spec": "^1.1.0"
      }
    },
    "node_modules/@standard-schema/spec": {
      "version": "1.1.0",
      "resolved": "https://registry.npmjs.org/@standard-schema/spec/-/spec-1.1.0.tgz",
      "integrity": "sha512-l2aFy5jALhniG5HgqrD6jXLi/rUWrKvqN/qJx6yoJsgKhblVd+iqqU4RCXavm/jPityDo5TCvKMnpjKnOriy0w==",
      "license": "MIT"
    },
    "node_modules/agent-base": {
      "version": "7.1.4",
      "resolved": "https://registry.npmjs.org/agent-base/-/agent-base-7.1.4.tgz",
      "integrity": "sha512-MnA+YT8fwfJPgBx3m60MNqakm30XOkyIoH1y6huTQvC0PwZG7ki8NacLBcrPbNoo8vEZy7Jpuk7+jMO+CUovTQ==",
      "license": "MIT",
      "engines": {
        "node": ">= 14"
      }
    },
    "node_modules/debug": {
      "version": "4.4.3",
      "resolved": "https://registry.npmjs.org/debug/-/debug-4.4.3.tgz",
      "integrity": "sha512-RGwwWnwQvkVfavKVt22FGLw+xYSdzARwm0ru6DhTVA3umU5hZc28V3kO4stgYryrTlLpuvgI9GiijltAjNbcqA==",
      "license": "MIT",
      "dependencies": {
        "ms": "^2.1.3"
      },
      "engines": {
        "node": ">=6.0"
      },
      "peerDependenciesMeta": {
        "supports-color": {
          "optional": true
        }
      }
    },
    "node_modules/http-proxy-agent": {
      "version": "7.0.2",
      "resolved": "https://registry.npmjs.org/http-proxy-agent/-/http-proxy-agent-7.0.2.tgz",
      "integrity": "sha512-T1gkAiYYDWYx3V5Bmyu7HcfcvL7mUrTWiM6yOfa3PIphViJ/gFPbvidQ+veqSOHci/PxBcDabeUNCzpOODJZig==",
      "license": "MIT",
      "dependencies": {
        "agent-base": "^7.1.0",
        "debug": "^4.3.4"
      },
      "engines": {
        "node": ">= 14"
      }
    },
    "node_modules/https-proxy-agent": {
      "version": "7.0.6",
      "resolved": "https://registry.npmjs.org/https-proxy-agent/-/https-proxy-agent-7.0.6.tgz",
      "integrity": "sha512-vK9P5/iUfdl95AI+JVyUuIcVtd4ofvtrOr3HNtM2yxC9bnMbEdp3x01OhQNnjb8IJYi38VlTE3mBXwcfvywuSw==",
      "license": "MIT",
      "dependencies": {
        "agent-base": "^7.1.2",
        "debug": "4"
      },
      "engines": {
        "node": ">= 14"
      }
    },
    "node_modules/ip-address": {
      "version": "10.5.0",
      "resolved": "https://registry.npmjs.org/ip-address/-/ip-address-10.5.0.tgz",
      "integrity": "sha512-R5SnVLJmgYYvf2F2ZgwSBnelz5G4q5AxIC277GDfUaNbrZKNANcBC7RHqYYePlszf4kBolVkJauG0ZjHHFh55g==",
      "license": "MIT",
      "engines": {
        "node": ">= 12"
      }
    },
    "node_modules/ms": {
      "version": "2.1.3",
      "resolved": "https://registry.npmjs.org/ms/-/ms-2.1.3.tgz",
      "integrity": "sha512-6FlzubTLZG3J2a/NVCAleEhjzq5oxgHyaCU9yYXvcLsvoVaHJq/s5xXI6/XXP6tz7R9xAOtHnSO/tXtF3WRTlA==",
      "license": "MIT"
    },
    "node_modules/node-addon-native-custom-loader": {
      "version": "0.1.4",
      "resolved": "https://registry.npmjs.org/node-addon-native-custom-loader/-/node-addon-native-custom-loader-0.1.4.tgz",
      "integrity": "sha512-DreegO6EoC1JHWYBv3j8Miwp2Zl/CyBeNyoeyCbnEdjyYFEulR4Gcb3wj9fXF7KMDY0ZJ5MWwHcXP8GVNyScnA==",
      "devOptional": true,
      "license": "MIT",
      "engines": {
        "node": ">=20"
      }
    },
    "node_modules/node-addon-require-builtin": {
      "version": "0.1.4",
      "resolved": "https://registry.npmjs.org/node-addon-require-builtin/-/node-addon-require-builtin-0.1.4.tgz",
      "integrity": "sha512-yuXz43GmtQyMrO75u2Z8KZAafMhnMH8RTOZBJWGDU9HoD2QxT6q4PF28iLNm/OS9BkS8MHwCKpgTk3d6qW584A==",
      "devOptional": true,
      "license": "MIT",
      "dependencies": {
        "node-addon-native-custom-loader": "0.1.4"
      },
      "engines": {
        "node": ">=20"
      },
      "optionalDependencies": {
        "node-addon-require-builtin-darwin-arm64": "0.1.4",
        "node-addon-require-builtin-darwin-x64": "0.1.4",
        "node-addon-require-builtin-linux-arm64-gnu": "0.1.4",
        "node-addon-require-builtin-linux-x64-gnu": "0.1.4",
        "node-addon-require-builtin-win32-arm64-msvc": "0.1.4",
        "node-addon-require-builtin-win32-ia32-msvc": "0.1.4",
        "node-addon-require-builtin-win32-x64-msvc": "0.1.4"
      }
    },
    "node_modules/node-addon-require-builtin-darwin-arm64": {
      "version": "0.1.4",
      "resolved": "https://registry.npmjs.org/node-addon-require-builtin-darwin-arm64/-/node-addon-require-builtin-darwin-arm64-0.1.4.tgz",
      "integrity": "sha512-pqiTPbqlDKRIo8YKoWMjuFge4kyHbsdYkAcGW5MAVcJSCyU0M1hhpiLdWlvX753XKL3xlGeuPmv2NqTNRV0/hw==",
      "cpu": [
        "arm64"
      ],
      "license": "MIT",
      "optional": true,
      "os": [
        "darwin"
      ],
      "dependencies": {
        "node-addon-native-custom-loader": "0.1.4"
      },
      "engines": {
        "node": ">=20"
      }
    },
    "node_modules/node-addon-require-builtin-darwin-x64": {
      "version": "0.1.4",
      "resolved": "https://registry.npmjs.org/node-addon-require-builtin-darwin-x64/-/node-addon-require-builtin-darwin-x64-0.1.4.tgz",
      "integrity": "sha512-i9oThh+w6d+H79YQuc3d3MZCx4YZ6aMWlQ0HYMgOTWvSRzppXmksa/xPV8O20G1gjpq5do/9/hgImixj3XIcjQ==",
      "cpu": [
        "x64"
      ],
      "license": "MIT",
      "optional": true,
      "os": [
        "darwin"
      ],
      "dependencies": {
        "node-addon-native-custom-loader": "0.1.4"
      },
      "engines": {
        "node": ">=20"
      }
    },
    "node_modules/node-addon-require-builtin-linux-arm64-gnu": {
      "version": "0.1.4",
      "resolved": "https://registry.npmjs.org/node-addon-require-builtin-linux-arm64-gnu/-/node-addon-require-builtin-linux-arm64-gnu-0.1.4.tgz",
      "integrity": "sha512-qbmYtkiIFp7h1ZvYYHH0MGFQbc03OyvplkeS90j+t3VMomkRc/YwZ140WzVM3eYJYZ7XHq+s1GL5ZdFQFPUXBQ==",
      "cpu": [
        "arm64"
      ],
      "libc": [
        "glibc"
      ],
      "license": "MIT",
      "optional": true,
      "os": [
        "linux"
      ],
      "dependencies": {
        "node-addon-native-custom-loader": "0.1.4"
      },
      "engines": {
        "node": ">=20"
      }
    },
    "node_modules/node-addon-require-builtin-linux-x64-gnu": {
      "version": "0.1.4",
      "resolved": "https://registry.npmjs.org/node-addon-require-builtin-linux-x64-gnu/-/node-addon-require-builtin-linux-x64-gnu-0.1.4.tgz",
      "integrity": "sha512-4jC617+yOrYYuKgNmN2KMD722G6BICpjEzAcmzA3j5tt+zmey5M/c/z9JxqdjnNmU9CQWseBaJu/fGdbHZXSOg==",
      "cpu": [
        "x64"
      ],
      "libc": [
        "glibc"
      ],
      "license": "MIT",
      "optional": true,
      "os": [
        "linux"
      ],
      "dependencies": {
        "node-addon-native-custom-loader": "0.1.4"
      },
      "engines": {
        "node": ">=20"
      }
    },
    "node_modules/node-addon-require-builtin-win32-arm64-msvc": {
      "version": "0.1.4",
      "resolved": "https://registry.npmjs.org/node-addon-require-builtin-win32-arm64-msvc/-/node-addon-require-builtin-win32-arm64-msvc-0.1.4.tgz",
      "integrity": "sha512-4TW96aPR108R3RxJbUNLXU6FLTZ7n8fWtSpPbPtvYWXa9cXojvCMdH4BvrHM6W2M+Iu42nqMxRyylP3PeTjOmA==",
      "cpu": [
        "arm64"
      ],
      "license": "MIT",
      "optional": true,
      "os": [
        "win32"
      ],
      "dependencies": {
        "node-addon-native-custom-loader": "0.1.4"
      },
      "engines": {
        "node": ">=20"
      }
    },
    "node_modules/node-addon-require-builtin-win32-ia32-msvc": {
      "version": "0.1.4",
      "resolved": "https://registry.npmjs.org/node-addon-require-builtin-win32-ia32-msvc/-/node-addon-require-builtin-win32-ia32-msvc-0.1.4.tgz",
      "integrity": "sha512-a3ZRkiMKaE7uRjI+H+Ic7dvhPIk0rW9mHV47IEiqJzoRZqnDp5JPjQfAnngu979HR59Ghy+mfexJ/kStBlP3eQ==",
      "cpu": [
        "ia32"
      ],
      "license": "MIT",
      "optional": true,
      "os": [
        "win32"
      ],
      "dependencies": {
        "node-addon-native-custom-loader": "0.1.4"
      },
      "engines": {
        "node": ">=20 <23"
      }
    },
    "node_modules/node-addon-require-builtin-win32-x64-msvc": {
      "version": "0.1.4",
      "resolved": "https://registry.npmjs.org/node-addon-require-builtin-win32-x64-msvc/-/node-addon-require-builtin-win32-x64-msvc-0.1.4.tgz",
      "integrity": "sha512-EGx7AcJKB7fNxo/YHV32JTUg1Hetbdnh6uPaqPhklhyRSMM13/7hZK1pTACqMS9dwnR3Lakxl9HKG9/eAoIyyg==",
      "cpu": [
        "x64"
      ],
      "license": "MIT",
      "optional": true,
      "os": [
        "win32"
      ],
      "dependencies": {
        "node-addon-native-custom-loader": "0.1.4"
      },
      "engines": {
        "node": ">=20"
      }
    },
    "node_modules/smart-buffer": {
      "version": "4.2.0",
      "resolved": "https://registry.npmjs.org/smart-buffer/-/smart-buffer-4.2.0.tgz",
      "integrity": "sha512-94hK0Hh8rPqQl2xXc3HsaBoOXKV20MToPkcXvwbISWLEs+64sBq5kFgn2kJDHb1Pry9yrP0dxrCI9RRci7RXKg==",
      "license": "MIT",
      "engines": {
        "node": ">= 6.0.0",
        "npm": ">= 3.0.0"
      }
    },
    "node_modules/socks": {
      "version": "2.8.9",
      "resolved": "https://registry.npmjs.org/socks/-/socks-2.8.9.tgz",
      "integrity": "sha512-LJhUYUvItdQ0LkJTmPeaEObWXAqFyfmP85x0tch/ez9cahmhlBBLbIqDFnvBnUJGagb0JbIQrkBs1wJ+yRYpEw==",
      "license": "MIT",
      "dependencies": {
        "ip-address": "^10.1.1",
        "smart-buffer": "^4.2.0"
      },
      "engines": {
        "node": ">= 10.0.0",
        "npm": ">= 3.0.0"
      }
    },
    "node_modules/undici": {
      "version": "7.29.0",
      "resolved": "https://registry.npmjs.org/undici/-/undici-7.29.0.tgz",
      "integrity": "sha512-IDxfleLmmbSskfWSUATiN1nfn2rDuvnMOqb5CWR92iIfojA0Ud+ulOAAEQ57LPr9rWmsreUyf5lwyao+7GNNVw==",
      "license": "MIT",
      "engines": {
        "node": ">=20.18.1"
      }
    },
    "node_modules/zod": {
      "version": "4.4.3",
      "resolved": "https://registry.npmjs.org/zod/-/zod-4.4.3.tgz",
      "integrity": "sha512-ytENFjIJFl2UwYglde2jchW2Hwm4GJFLDiSXWdTrJQBIN9Fcyp7n4DhxJEiWNAJMV1/BqWfW/kkg71UDcHJyTQ==",
      "dev": true,
      "license": "MIT",
      "funding": {
        "url": "https://github.com/sponsors/colinhacks"
      }
    }
  }
}
